<?xml version="1.0" encoding="utf-8"?>
<Project ToolsVersion="4.0" xmlns="http://schemas.microsoft.com/developer/msbuild/2003">
  <ItemGroup>
    <Filter Include="Quelldateien">
      <UniqueIdentifier>{4FC737F1-C7A5-4376-A066-2A32D752A2FF}</UniqueIdentifier>
      <Extensions>cpp;c;cc;cxx;def;odl;idl;hpj;bat;asm;asmx</Extensions>
    </Filter>
    <Filter Include="Headerdateien">
      <UniqueIdentifier>{93995380-89BD-4b04-88EB-625FBE52EBFB}</UniqueIdentifier>
      <Extensions>h;hh;hpp;hxx;hm;inl;inc;xsd</Extensions>
    </Filter>
    <Filter Include="Ressourcendateien">
      <UniqueIdentifier>{67DA6AB6-F800-4c08-8B7A-83BB121AAD01}</UniqueIdentifier>
      <Extensions>rc;ico;cur;bmp;dlg;rc2;rct;bin;rgs;gif;jpg;jpeg;jpe;resx;tiff;tif;png;wav;mfcribbon-ms</Extensions>
    </Filter>
    <Filter Include="Headerdateien\win">
      <UniqueIdentifier>{38f156ea-d926-4db0-b679-64dd7180359b}</UniqueIdentifier>
    </Filter>
    <Filter Include="Quelldateien\win">
      <UniqueIdentifier>{db9aec36-1f33-4fa6-a88d-a7f38f1b1ac5}</UniqueIdentifier>
    </Filter>
  </ItemGroup>
  <ItemGroup>
    <Text Include="..\README.TXT" />
  </ItemGroup>
  <ItemGroup>
    <ClCompile Include="src\Application.cpp">
      <Filter>Quelldateien</Filter>
    </ClCompile>
    <ClCompile Include="src\ConfigReader.cpp">
      <Filter>Quelldateien</Filter>
    </ClCompile>
    <ClCompile Include="src\EditProperties.cpp">
      <Filter>Quelldateien</Filter>
    </ClCompile>
    <ClCompile Include="src\Main.cpp">
      <Filter>Quelldateien</Filter>
    </ClCompile>
    <ClCompile Include="src\MCam.cpp">
      <Filter>Quelldateien</Filter>
    </ClCompile>
    <ClCompile Include="src\MCamCameraIF.cpp">
      <Filter>Quelldateien</Filter>
    </ClCompile>
    <ClCompile Include="src\MCamImage.cpp">
      <Filter>Quelldateien</Filter>
    </ClCompile>
    <ClCompile Include="src\mcamlogger.c">
      <Filter>Quelldateien</Filter>
    </ClCompile>
    <ClCompile Include="src\MCamTest.cpp">
      <Filter>Quelldateien</Filter>
    </ClCompile>
    <ClCompile Include="src\MCamUtil.cpp">
      <Filter>Quelldateien</Filter>
    </ClCompile>
    <ClCompile Include="src\win\pthread.c">
      <Filter>Quelldateien\win</Filter>
    </ClCompile>
    <ClCompile Include="src\win\semaphore.c">
      <Filter>Quelldateien\win</Filter>
    </ClCompile>
    <ClCompile Include="src\MCamRemote.cpp">
      <Filter>Quelldateien</Filter>
    </ClCompile>
    <ClCompile Include="src\BmpUtil.cpp">
      <Filter>Quelldateien</Filter>
    </ClCompile>
    <ClCompile Include="src\SLMParents.cpp">
      <Filter>Quelldateien</Filter>
    </ClCompile>
  </ItemGroup>
  <ItemGroup>
    <ClInclude Include="include\Application.hpp">
      <Filter>Headerdateien</Filter>
    </ClInclude>
    <ClInclude Include="include\ConfigReader.hpp">
      <Filter>Headerdateien</Filter>
    </ClInclude>
    <ClInclude Include="include\EditProperties.hpp">
      <Filter>Headerdateien</Filter>
    </ClInclude>
    <ClInclude Include="include\mcam.h">
      <Filter>Headerdateien</Filter>
    </ClInclude>
    <ClInclude Include="include\MCam.hpp">
      <Filter>Headerdateien</Filter>
    </ClInclude>
    <ClInclude Include="include\MCamCameraIF.hpp">
      <Filter>Headerdateien</Filter>
    </ClInclude>
    <ClInclude Include="include\MCamImage.hpp">
      <Filter>Headerdateien</Filter>
    </ClInclude>
    <ClInclude Include="include\mcamlogger.h">
      <Filter>Headerdateien</Filter>
    </ClInclude>
    <ClInclude Include="include\MCamTest.hpp">
      <Filter>Headerdateien</Filter>
    </ClInclude>
    <ClInclude Include="include\MCamUtil.hpp">
      <Filter>Headerdateien</Filter>
    </ClInclude>
    <ClInclude Include="include\ui_mcam.h">
      <Filter>Headerdateien</Filter>
    </ClInclude>
    <ClInclude Include="include\win\semaphore.h">
      <Filter>Headerdateien\win</Filter>
    </ClInclude>
    <ClInclude Include="include\win\pthread.h">
      <Filter>Headerdateien\win</Filter>
    </ClInclude>
    <ClInclude Include="include\MCamRemote.hpp">
      <Filter>Headerdateien</Filter>
    </ClInclude>
    <ClInclude Include="include\BmpUtil.h">
      <Filter>Headerdateien</Filter>
    </ClInclude>
    <ClInclude Include="include\GenericAlgo.h">
      <Filter>Headerdateien</Filter>
    </ClInclude>
    <ClInclude Include="include\SLMParents.h">
      <Filter>Headerdateien</Filter>
    </ClInclude>
    <ClInclude Include="include\TemplateImages.h">
      <Filter>Headerdateien</Filter>
    </ClInclude>
    <ClInclude Include="include\Blink_SDK.H">
      <Filter>Headerdateien</Filter>
    </ClInclude>
    <ClInclude Include="include\SLMInterface.h">
      <Filter>Headerdateien</Filter>
    </ClInclude>
    <ClInclude Include="include\TimeMeasure.h">
      <Filter>Headerdateien</Filter>
    </ClInclude>
    <ClInclude Include="include\defs.h">
      <Filter>Headerdateien</Filter>
    </ClInclude>
  </ItemGroup>
</Project>